
Microsoft Visual Studio Solution File, Format Version 12.00
# Visual Studio Version 16
VisualStudioVersion = 16.0.29926.136
MinimumVisualStudioVersion = 10.0.40219.1
Project("{FAE04EC0-301F-11D3-BF4B-00C04F79EFBC}") = "LinearSolver", "LinearSolver\LinearSolver.csproj", "{06C72839-D4F9-4A3A-8F49-0D5A87069D55}"
EndProject
Global
	GlobalSection(SolutionConfigurationPlatforms) = preSolution
		Debug|Any CPU = Debug|Any CPU
		Release|Any CPU = Release|Any CPU
	EndGlobalSection
	GlobalSection(ProjectConfigurationPlatforms) = postSolution
		{06C72839-D4F9-4A3A-8F49-0D5A87069D55}.Debug|Any CPU.ActiveCfg = Debug|Any CPU
		{06C72839-D4F9-4A3A-8F49-0D5A87069D55}.Debug|Any CPU.Build.0 = Debug|Any CPU
		{06C72839-D4F9-4A3A-8F49-0D5A87069D55}.Release|Any CPU.ActiveCfg = Release|Any CPU
		{06C72839-D4F9-4A3A-8F49-0D5A87069D55}.Release|Any CPU.Build.0 = Release|Any CPU
	EndGlobalSection
	GlobalSection(SolutionProperties) = preSolution
		HideSolutionNode = FALSE
	EndGlobalSection
	GlobalSection(ExtensibilityGlobals) = postSolution
		SolutionGuid = {97A4D625-FDE8-499D-9C7A-303119D5E07F}
	EndGlobalSection
EndGlobal
